
Microsoft Visual Studio Solution File, Format Version 12.00
# Visual Studio Version 17
VisualStudioVersion = 17.10.35027.167
MinimumVisualStudioVersion = 10.0.40219.1
Project("{FAE04EC0-301F-11D3-BF4B-00C04F79EFBC}") = "ApiProxy", "ApiProxy\ApiProxy.csproj", "{93731ABA-DD6D-404F-AB33-2480DBD824A0}"
EndProject
Global
	GlobalSection(SolutionConfigurationPlatforms) = preSolution
		Debug|Any CPU = Debug|Any CPU
		Release|Any CPU = Release|Any CPU
	EndGlobalSection
	GlobalSection(ProjectConfigurationPlatforms) = postSolution
		{93731ABA-DD6D-404F-AB33-2480DBD824A0}.Debug|Any CPU.ActiveCfg = Debug|Any CPU
		{93731ABA-DD6D-404F-AB33-2480DBD824A0}.Debug|Any CPU.Build.0 = Debug|Any CPU
		{93731ABA-DD6D-404F-AB33-2480DBD824A0}.Release|Any CPU.ActiveCfg = Release|Any CPU
		{93731ABA-DD6D-404F-AB33-2480DBD824A0}.Release|Any CPU.Build.0 = Release|Any CPU
	EndGlobalSection
	GlobalSection(SolutionProperties) = preSolution
		HideSolutionNode = FALSE
	EndGlobalSection
	GlobalSection(ExtensibilityGlobals) = postSolution
		SolutionGuid = {13DEA8EA-32C8-4891-B9C9-E181738DC45F}
	EndGlobalSection
EndGlobal
